
Microsoft Visual Studio Solution File, Format Version 12.00
# Visual Studio Version 18
VisualStudioVersion = 18.3.11206.111
MinimumVisualStudioVersion = 10.0.40219.1
Project("{9A19103F-16F7-4668-BE54-9A1E7A4F7556}") = "LuBan.Common", "LuBan.Common\LuBan.Common.csproj", "{E0E2D153-62F9-46BB-9F20-1ED1D2848179}"
EndProject
Project("{9A19103F-16F7-4668-BE54-9A1E7A4F7556}") = "LuBan.Orm", "LuBan.Orm\LuBan.Orm.csproj", "{EF32E729-FB4D-473A-9CE5-F4C62DE731E4}"
EndProject
Project("{9A19103F-16F7-4668-BE54-9A1E7A4F7556}") = "LuBan.Lives", "LuBan.Lives\LuBan.Lives.csproj", "{A4308C1B-08D7-456F-91BB-A2A8B999E4E4}"
EndProject
Project("{9A19103F-16F7-4668-BE54-9A1E7A4F7556}") = "LuBan.Wechat", "LuBan.Wechat\LuBan.Wechat.csproj", "{DE2E71FD-4693-4218-9B0A-8305B6E8718A}"
EndProject
Project("{9A19103F-16F7-4668-BE54-9A1E7A4F7556}") = "LuBan.Web.Core", "LuBan.Web.Core\LuBan.Web.Core.csproj", "{CC1E9E00-AFA7-41BE-8CE6-0DA601A3B45D}"
EndProject
Project("{9A19103F-16F7-4668-BE54-9A1E7A4F7556}") = "WebApplication1", "WebApplication1\WebApplication1.csproj", "{8E5C7E49-ACFD-4C81-A556-1534FDC356F9}"
EndProject
Project("{9A19103F-16F7-4668-BE54-9A1E7A4F7556}") = "LuBan.LogLib", "LuBan.LogLib\LuBan.LogLib.csproj", "{67D2EDF2-34B8-4EE6-A608-8A57E6C79CAF}"
EndProject
Project("{9A19103F-16F7-4668-BE54-9A1E7A4F7556}") = "LuBan.Redis", "LuBan.Redis\LuBan.Redis.csproj", "{12412E23-AC27-4BBA-99E9-F9ED87F5EB6A}"
EndProject
Project("{9A19103F-16F7-4668-BE54-9A1E7A4F7556}") = "LuBan.Speech", "LuBan.Speech\LuBan.Speech.csproj", "{0B843C8D-4032-4E1B-82ED-265713874CB5}"
EndProject
Project("{9A19103F-16F7-4668-BE54-9A1E7A4F7556}") = "LuBan.UnitTestProject", "LuBan.XTestProject\LuBan.UnitTestProject.csproj", "{633016D7-1F4D-4437-84A4-B7B0F2EF1375}"
EndProject
Project("{9A19103F-16F7-4668-BE54-9A1E7A4F7556}") = "LuBan.CloudStorage", "LuBan.CloudStorage\LuBan.CloudStorage.csproj", "{87B5DA35-DB85-48B4-895F-FF65C8244E9B}"
EndProject
Project("{9A19103F-16F7-4668-BE54-9A1E7A4F7556}") = "LuBan.Office", "LuBan.Office\LuBan.Office.csproj", "{62E88C19-B631-486E-94A2-0434D823A603}"
EndProject
Project("{9A19103F-16F7-4668-BE54-9A1E7A4F7556}") = "LuBan.EMailKit", "LuBan.EMailKit\LuBan.EMailKit.csproj", "{399EB139-C508-4F32-A312-6DF427AF1DB3}"
EndProject
Project("{2150E333-8FDC-42A3-9474-1A3956D46DE8}") = "Src", "Src", "{D3458C2D-63BF-415A-995C-F6FAF674B144}"
EndProject
Project("{2150E333-8FDC-42A3-9474-1A3956D46DE8}") = "Test", "Test", "{AD6D7E01-525C-4BF2-A802-4D93CE3B233A}"
EndProject
Project("{FAE04EC0-301F-11D3-BF4B-00C04F79EFBC}") = "LuBan.Qingflow", "LuBan.Qingflow\LuBan.Qingflow.csproj", "{A4FA98A7-EF7F-4020-82C2-8F9C58D8AD36}"
EndProject
Project("{FAE04EC0-301F-11D3-BF4B-00C04F79EFBC}") = "LuBan.Reporting", "LuBan.Reporting\LuBan.Reporting.csproj", "{753B2430-0A99-4C9E-8327-395E0845E1C9}"
EndProject
Project("{FAE04EC0-301F-11D3-BF4B-00C04F79EFBC}") = "LuBan.AIFlow", "LuBan.AIFlow\LuBan.AIFlow.csproj", "{BA5B1A49-13E6-43AE-9EBE-34CD20B8E99B}"
EndProject
Project("{FAE04EC0-301F-11D3-BF4B-00C04F79EFBC}") = "LuBan.VideoKit", "LuBan.VideoKit\LuBan.VideoKit.csproj", "{D8CD4B7F-368F-4B70-BDAF-E8D4D1123F90}"
EndProject
Project("{FAE04EC0-301F-11D3-BF4B-00C04F79EFBC}") = "LuBan.PdfKit", "LuBan.PdfKit\LuBan.PdfKit.csproj", "{3E4EE17D-1D14-4BDE-93FD-6FD27D9A8BE6}"
EndProject
Project("{FAE04EC0-301F-11D3-BF4B-00C04F79EFBC}") = "LuBan.DI", "LuBan.DI\LuBan.DI.csproj", "{AB9BE5C3-65C6-468B-A337-CFA9D7099026}"
EndProject
Project("{FAE04EC0-301F-11D3-BF4B-00C04F79EFBC}") = "LuBan.Threading", "LuBan.Threading\LuBan.Threading.csproj", "{57110616-1D47-4B98-B8E9-CAE92433F8D9}"
EndProject
Project("{FAE04EC0-301F-11D3-BF4B-00C04F79EFBC}") = "LuBan.ApprovalFlow", "LuBan.ApprovalFlow\LuBan.ApprovalFlow.csproj", "{219FB6A2-9936-4E04-9E2A-01820E74E098}"
EndProject
Project("{FAE04EC0-301F-11D3-BF4B-00C04F79EFBC}") = "LuBan.Linq", "LuBan.Linq\LuBan.Linq.csproj", "{401BB7AE-F3F9-4580-8995-CBD7159E8D74}"
EndProject
Project("{FAE04EC0-301F-11D3-BF4B-00C04F79EFBC}") = "LuBan.Service", "LuBan.Service\LuBan.Service.csproj", "{71C5E2FE-EFC1-8366-06C6-96EBAE645EA3}"
EndProject
Project("{FAE04EC0-301F-11D3-BF4B-00C04F79EFBC}") = "LuBan.AIAgent", "LuBan.AIAgent\LuBan.AIAgent.csproj", "{AB225CBE-D9CB-4AD5-B1B1-5F09CC0E0798}"
EndProject
Project("{FAE04EC0-301F-11D3-BF4B-00C04F79EFBC}") = "LuBan.EventBus", "LuBan.EventBus\LuBan.EventBus.csproj", "{4AAE52AF-9714-FB3D-4CBD-9CDDBC1DD6E6}"
EndProject
Global
	GlobalSection(SolutionConfigurationPlatforms) = preSolution
		Debug|Any CPU = Debug|Any CPU
		Release|Any CPU = Release|Any CPU
	EndGlobalSection
	GlobalSection(ProjectConfigurationPlatforms) = postSolution
		{E0E2D153-62F9-46BB-9F20-1ED1D2848179}.Debug|Any CPU.ActiveCfg = Debug|Any CPU
		{E0E2D153-62F9-46BB-9F20-1ED1D2848179}.Debug|Any CPU.Build.0 = Debug|Any CPU
		{E0E2D153-62F9-46BB-9F20-1ED1D2848179}.Release|Any CPU.ActiveCfg = Release|Any CPU
		{E0E2D153-62F9-46BB-9F20-1ED1D2848179}.Release|Any CPU.Build.0 = Release|Any CPU
		{EF32E729-FB4D-473A-9CE5-F4C62DE731E4}.Debug|Any CPU.ActiveCfg = Debug|Any CPU
		{EF32E729-FB4D-473A-9CE5-F4C62DE731E4}.Debug|Any CPU.Build.0 = Debug|Any CPU
		{EF32E729-FB4D-473A-9CE5-F4C62DE731E4}.Release|Any CPU.ActiveCfg = Release|Any CPU
		{EF32E729-FB4D-473A-9CE5-F4C62DE731E4}.Release|Any CPU.Build.0 = Release|Any CPU
		{A4308C1B-08D7-456F-91BB-A2A8B999E4E4}.Debug|Any CPU.ActiveCfg = Debug|Any CPU
		{A4308C1B-08D7-456F-91BB-A2A8B999E4E4}.Debug|Any CPU.Build.0 = Debug|Any CPU
		{A4308C1B-08D7-456F-91BB-A2A8B999E4E4}.Release|Any CPU.ActiveCfg = Release|Any CPU
		{A4308C1B-08D7-456F-91BB-A2A8B999E4E4}.Release|Any CPU.Build.0 = Release|Any CPU
		{DE2E71FD-4693-4218-9B0A-8305B6E8718A}.Debug|Any CPU.ActiveCfg = Debug|Any CPU
		{DE2E71FD-4693-4218-9B0A-8305B6E8718A}.Debug|Any CPU.Build.0 = Debug|Any CPU
		{DE2E71FD-4693-4218-9B0A-8305B6E8718A}.Release|Any CPU.ActiveCfg = Release|Any CPU
		{DE2E71FD-4693-4218-9B0A-8305B6E8718A}.Release|Any CPU.Build.0 = Release|Any CPU
		{CC1E9E00-AFA7-41BE-8CE6-0DA601A3B45D}.Debug|Any CPU.ActiveCfg = Debug|Any CPU
		{CC1E9E00-AFA7-41BE-8CE6-0DA601A3B45D}.Debug|Any CPU.Build.0 = Debug|Any CPU
		{CC1E9E00-AFA7-41BE-8CE6-0DA601A3B45D}.Release|Any CPU.ActiveCfg = Release|Any CPU
		{CC1E9E00-AFA7-41BE-8CE6-0DA601A3B45D}.Release|Any CPU.Build.0 = Release|Any CPU
		{8E5C7E49-ACFD-4C81-A556-1534FDC356F9}.Debug|Any CPU.ActiveCfg = Debug|Any CPU
		{8E5C7E49-ACFD-4C81-A556-1534FDC356F9}.Debug|Any CPU.Build.0 = Debug|Any CPU
		{8E5C7E49-ACFD-4C81-A556-1534FDC356F9}.Release|Any CPU.ActiveCfg = Release|Any CPU
		{8E5C7E49-ACFD-4C81-A556-1534FDC356F9}.Release|Any CPU.Build.0 = Release|Any CPU
		{67D2EDF2-34B8-4EE6-A608-8A57E6C79CAF}.Debug|Any CPU.ActiveCfg = Debug|Any CPU
		{67D2EDF2-34B8-4EE6-A608-8A57E6C79CAF}.Debug|Any CPU.Build.0 = Debug|Any CPU
		{67D2EDF2-34B8-4EE6-A608-8A57E6C79CAF}.Release|Any CPU.ActiveCfg = Release|Any CPU
		{67D2EDF2-34B8-4EE6-A608-8A57E6C79CAF}.Release|Any CPU.Build.0 = Release|Any CPU
		{12412E23-AC27-4BBA-99E9-F9ED87F5EB6A}.Debug|Any CPU.ActiveCfg = Debug|Any CPU
		{12412E23-AC27-4BBA-99E9-F9ED87F5EB6A}.Debug|Any CPU.Build.0 = Debug|Any CPU
		{12412E23-AC27-4BBA-99E9-F9ED87F5EB6A}.Release|Any CPU.ActiveCfg = Release|Any CPU
		{12412E23-AC27-4BBA-99E9-F9ED87F5EB6A}.Release|Any CPU.Build.0 = Release|Any CPU
		{0B843C8D-4032-4E1B-82ED-265713874CB5}.Debug|Any CPU.ActiveCfg = Debug|Any CPU
		{0B843C8D-4032-4E1B-82ED-265713874CB5}.Debug|Any CPU.Build.0 = Debug|Any CPU
		{0B843C8D-4032-4E1B-82ED-265713874CB5}.Release|Any CPU.ActiveCfg = Release|Any CPU
		{0B843C8D-4032-4E1B-82ED-265713874CB5}.Release|Any CPU.Build.0 = Release|Any CPU
		{633016D7-1F4D-4437-84A4-B7B0F2EF1375}.Debug|Any CPU.ActiveCfg = Debug|Any CPU
		{633016D7-1F4D-4437-84A4-B7B0F2EF1375}.Debug|Any CPU.Build.0 = Debug|Any CPU
		{633016D7-1F4D-4437-84A4-B7B0F2EF1375}.Release|Any CPU.ActiveCfg = Release|Any CPU
		{633016D7-1F4D-4437-84A4-B7B0F2EF1375}.Release|Any CPU.Build.0 = Release|Any CPU
		{87B5DA35-DB85-48B4-895F-FF65C8244E9B}.Debug|Any CPU.ActiveCfg = Debug|Any CPU
		{87B5DA35-DB85-48B4-895F-FF65C8244E9B}.Debug|Any CPU.Build.0 = Debug|Any CPU
		{87B5DA35-DB85-48B4-895F-FF65C8244E9B}.Release|Any CPU.ActiveCfg = Release|Any CPU
		{87B5DA35-DB85-48B4-895F-FF65C8244E9B}.Release|Any CPU.Build.0 = Release|Any CPU
		{62E88C19-B631-486E-94A2-0434D823A603}.Debug|Any CPU.ActiveCfg = Debug|Any CPU
		{62E88C19-B631-486E-94A2-0434D823A603}.Debug|Any CPU.Build.0 = Debug|Any CPU
		{62E88C19-B631-486E-94A2-0434D823A603}.Release|Any CPU.ActiveCfg = Release|Any CPU
		{62E88C19-B631-486E-94A2-0434D823A603}.Release|Any CPU.Build.0 = Release|Any CPU
		{399EB139-C508-4F32-A312-6DF427AF1DB3}.Debug|Any CPU.ActiveCfg = Debug|Any CPU
		{399EB139-C508-4F32-A312-6DF427AF1DB3}.Debug|Any CPU.Build.0 = Debug|Any CPU
		{399EB139-C508-4F32-A312-6DF427AF1DB3}.Release|Any CPU.ActiveCfg = Release|Any CPU
		{399EB139-C508-4F32-A312-6DF427AF1DB3}.Release|Any CPU.Build.0 = Release|Any CPU
		{A4FA98A7-EF7F-4020-82C2-8F9C58D8AD36}.Debug|Any CPU.ActiveCfg = Debug|Any CPU
		{A4FA98A7-EF7F-4020-82C2-8F9C58D8AD36}.Debug|Any CPU.Build.0 = Debug|Any CPU
		{A4FA98A7-EF7F-4020-82C2-8F9C58D8AD36}.Release|Any CPU.ActiveCfg = Release|Any CPU
		{A4FA98A7-EF7F-4020-82C2-8F9C58D8AD36}.Release|Any CPU.Build.0 = Release|Any CPU
		{753B2430-0A99-4C9E-8327-395E0845E1C9}.Debug|Any CPU.ActiveCfg = Debug|Any CPU
		{753B2430-0A99-4C9E-8327-395E0845E1C9}.Debug|Any CPU.Build.0 = Debug|Any CPU
		{753B2430-0A99-4C9E-8327-395E0845E1C9}.Release|Any CPU.ActiveCfg = Release|Any CPU
		{753B2430-0A99-4C9E-8327-395E0845E1C9}.Release|Any CPU.Build.0 = Release|Any CPU
		{BA5B1A49-13E6-43AE-9EBE-34CD20B8E99B}.Debug|Any CPU.ActiveCfg = Debug|Any CPU
		{BA5B1A49-13E6-43AE-9EBE-34CD20B8E99B}.Debug|Any CPU.Build.0 = Debug|Any CPU
		{BA5B1A49-13E6-43AE-9EBE-34CD20B8E99B}.Release|Any CPU.ActiveCfg = Release|Any CPU
		{BA5B1A49-13E6-43AE-9EBE-34CD20B8E99B}.Release|Any CPU.Build.0 = Release|Any CPU
		{D8CD4B7F-368F-4B70-BDAF-E8D4D1123F90}.Debug|Any CPU.ActiveCfg = Debug|Any CPU
		{D8CD4B7F-368F-4B70-BDAF-E8D4D1123F90}.Debug|Any CPU.Build.0 = Debug|Any CPU
		{D8CD4B7F-368F-4B70-BDAF-E8D4D1123F90}.Release|Any CPU.ActiveCfg = Release|Any CPU
		{D8CD4B7F-368F-4B70-BDAF-E8D4D1123F90}.Release|Any CPU.Build.0 = Release|Any CPU
		{3E4EE17D-1D14-4BDE-93FD-6FD27D9A8BE6}.Debug|Any CPU.ActiveCfg = Debug|Any CPU
		{3E4EE17D-1D14-4BDE-93FD-6FD27D9A8BE6}.Debug|Any CPU.Build.0 = Debug|Any CPU
		{3E4EE17D-1D14-4BDE-93FD-6FD27D9A8BE6}.Release|Any CPU.ActiveCfg = Release|Any CPU
		{3E4EE17D-1D14-4BDE-93FD-6FD27D9A8BE6}.Release|Any CPU.Build.0 = Release|Any CPU
		{AB9BE5C3-65C6-468B-A337-CFA9D7099026}.Debug|Any CPU.ActiveCfg = Debug|Any CPU
		{AB9BE5C3-65C6-468B-A337-CFA9D7099026}.Debug|Any CPU.Build.0 = Debug|Any CPU
		{AB9BE5C3-65C6-468B-A337-CFA9D7099026}.Release|Any CPU.ActiveCfg = Release|Any CPU
		{AB9BE5C3-65C6-468B-A337-CFA9D7099026}.Release|Any CPU.Build.0 = Release|Any CPU
		{57110616-1D47-4B98-B8E9-CAE92433F8D9}.Debug|Any CPU.ActiveCfg = Debug|Any CPU
		{57110616-1D47-4B98-B8E9-CAE92433F8D9}.Debug|Any CPU.Build.0 = Debug|Any CPU
		{57110616-1D47-4B98-B8E9-CAE92433F8D9}.Release|Any CPU.ActiveCfg = Release|Any CPU
		{57110616-1D47-4B98-B8E9-CAE92433F8D9}.Release|Any CPU.Build.0 = Release|Any CPU
		{219FB6A2-9936-4E04-9E2A-01820E74E098}.Debug|Any CPU.ActiveCfg = Debug|Any CPU
		{219FB6A2-9936-4E04-9E2A-01820E74E098}.Debug|Any CPU.Build.0 = Debug|Any CPU
		{219FB6A2-9936-4E04-9E2A-01820E74E098}.Release|Any CPU.ActiveCfg = Release|Any CPU
		{219FB6A2-9936-4E04-9E2A-01820E74E098}.Release|Any CPU.Build.0 = Release|Any CPU
		{401BB7AE-F3F9-4580-8995-CBD7159E8D74}.Debug|Any CPU.ActiveCfg = Debug|Any CPU
		{401BB7AE-F3F9-4580-8995-CBD7159E8D74}.Debug|Any CPU.Build.0 = Debug|Any CPU
		{401BB7AE-F3F9-4580-8995-CBD7159E8D74}.Release|Any CPU.ActiveCfg = Release|Any CPU
		{401BB7AE-F3F9-4580-8995-CBD7159E8D74}.Release|Any CPU.Build.0 = Release|Any CPU
		{71C5E2FE-EFC1-8366-06C6-96EBAE645EA3}.Debug|Any CPU.ActiveCfg = Debug|Any CPU
		{71C5E2FE-EFC1-8366-06C6-96EBAE645EA3}.Debug|Any CPU.Build.0 = Debug|Any CPU
		{71C5E2FE-EFC1-8366-06C6-96EBAE645EA3}.Release|Any CPU.ActiveCfg = Release|Any CPU
		{71C5E2FE-EFC1-8366-06C6-96EBAE645EA3}.Release|Any CPU.Build.0 = Release|Any CPU
		{AB225CBE-D9CB-4AD5-B1B1-5F09CC0E0798}.Debug|Any CPU.ActiveCfg = Debug|Any CPU
		{AB225CBE-D9CB-4AD5-B1B1-5F09CC0E0798}.Debug|Any CPU.Build.0 = Debug|Any CPU
		{AB225CBE-D9CB-4AD5-B1B1-5F09CC0E0798}.Release|Any CPU.ActiveCfg = Release|Any CPU
		{AB225CBE-D9CB-4AD5-B1B1-5F09CC0E0798}.Release|Any CPU.Build.0 = Release|Any CPU
		{4AAE52AF-9714-FB3D-4CBD-9CDDBC1DD6E6}.Debug|Any CPU.ActiveCfg = Debug|Any CPU
		{4AAE52AF-9714-FB3D-4CBD-9CDDBC1DD6E6}.Debug|Any CPU.Build.0 = Debug|Any CPU
		{4AAE52AF-9714-FB3D-4CBD-9CDDBC1DD6E6}.Release|Any CPU.ActiveCfg = Release|Any CPU
		{4AAE52AF-9714-FB3D-4CBD-9CDDBC1DD6E6}.Release|Any CPU.Build.0 = Release|Any CPU
	EndGlobalSection
	GlobalSection(SolutionProperties) = preSolution
		HideSolutionNode = FALSE
	EndGlobalSection
	GlobalSection(NestedProjects) = preSolution
		{E0E2D153-62F9-46BB-9F20-1ED1D2848179} = {D3458C2D-63BF-415A-995C-F6FAF674B144}
		{EF32E729-FB4D-473A-9CE5-F4C62DE731E4} = {D3458C2D-63BF-415A-995C-F6FAF674B144}
		{A4308C1B-08D7-456F-91BB-A2A8B999E4E4} = {D3458C2D-63BF-415A-995C-F6FAF674B144}
		{DE2E71FD-4693-4218-9B0A-8305B6E8718A} = {D3458C2D-63BF-415A-995C-F6FAF674B144}
		{CC1E9E00-AFA7-41BE-8CE6-0DA601A3B45D} = {D3458C2D-63BF-415A-995C-F6FAF674B144}
		{8E5C7E49-ACFD-4C81-A556-1534FDC356F9} = {AD6D7E01-525C-4BF2-A802-4D93CE3B233A}
		{67D2EDF2-34B8-4EE6-A608-8A57E6C79CAF} = {D3458C2D-63BF-415A-995C-F6FAF674B144}
		{12412E23-AC27-4BBA-99E9-F9ED87F5EB6A} = {D3458C2D-63BF-415A-995C-F6FAF674B144}
		{0B843C8D-4032-4E1B-82ED-265713874CB5} = {D3458C2D-63BF-415A-995C-F6FAF674B144}
		{633016D7-1F4D-4437-84A4-B7B0F2EF1375} = {AD6D7E01-525C-4BF2-A802-4D93CE3B233A}
		{87B5DA35-DB85-48B4-895F-FF65C8244E9B} = {D3458C2D-63BF-415A-995C-F6FAF674B144}
		{62E88C19-B631-486E-94A2-0434D823A603} = {D3458C2D-63BF-415A-995C-F6FAF674B144}
		{399EB139-C508-4F32-A312-6DF427AF1DB3} = {D3458C2D-63BF-415A-995C-F6FAF674B144}
		{A4FA98A7-EF7F-4020-82C2-8F9C58D8AD36} = {D3458C2D-63BF-415A-995C-F6FAF674B144}
		{753B2430-0A99-4C9E-8327-395E0845E1C9} = {D3458C2D-63BF-415A-995C-F6FAF674B144}
		{BA5B1A49-13E6-43AE-9EBE-34CD20B8E99B} = {D3458C2D-63BF-415A-995C-F6FAF674B144}
		{D8CD4B7F-368F-4B70-BDAF-E8D4D1123F90} = {D3458C2D-63BF-415A-995C-F6FAF674B144}
		{3E4EE17D-1D14-4BDE-93FD-6FD27D9A8BE6} = {D3458C2D-63BF-415A-995C-F6FAF674B144}
		{AB9BE5C3-65C6-468B-A337-CFA9D7099026} = {D3458C2D-63BF-415A-995C-F6FAF674B144}
		{57110616-1D47-4B98-B8E9-CAE92433F8D9} = {D3458C2D-63BF-415A-995C-F6FAF674B144}
		{219FB6A2-9936-4E04-9E2A-01820E74E098} = {D3458C2D-63BF-415A-995C-F6FAF674B144}
		{401BB7AE-F3F9-4580-8995-CBD7159E8D74} = {D3458C2D-63BF-415A-995C-F6FAF674B144}
		{71C5E2FE-EFC1-8366-06C6-96EBAE645EA3} = {D3458C2D-63BF-415A-995C-F6FAF674B144}
		{AB225CBE-D9CB-4AD5-B1B1-5F09CC0E0798} = {D3458C2D-63BF-415A-995C-F6FAF674B144}
		{4AAE52AF-9714-FB3D-4CBD-9CDDBC1DD6E6} = {D3458C2D-63BF-415A-995C-F6FAF674B144}
	EndGlobalSection
	GlobalSection(ExtensibilityGlobals) = postSolution
		SolutionGuid = {4EB4709D-D31C-4225-8514-A09C2EB150BF}
	EndGlobalSection
EndGlobal
